
Microsoft Visual Studio Solution File, Format Version 12.00
# Visual Studio Version 16
VisualStudioVersion = 16.0.30523.141
MinimumVisualStudioVersion = 10.0.40219.1
Project("{FAE04EC0-301F-11D3-BF4B-00C04F79EFBC}") = "lesson-2", "lesson-2\lesson-2.csproj", "{94DCFDB7-DAC8-43E8-B26B-1AD33C0A7951}"
EndProject
Global
	GlobalSection(SolutionConfigurationPlatforms) = preSolution
		Debug|Any CPU = Debug|Any CPU
		Release|Any CPU = Release|Any CPU
	EndGlobalSection
	GlobalSection(ProjectConfigurationPlatforms) = postSolution
		{94DCFDB7-DAC8-43E8-B26B-1AD33C0A7951}.Debug|Any CPU.ActiveCfg = Debug|Any CPU
		{94DCFDB7-DAC8-43E8-B26B-1AD33C0A7951}.Debug|Any CPU.Build.0 = Debug|Any CPU
		{94DCFDB7-DAC8-43E8-B26B-1AD33C0A7951}.Release|Any CPU.ActiveCfg = Release|Any CPU
		{94DCFDB7-DAC8-43E8-B26B-1AD33C0A7951}.Release|Any CPU.Build.0 = Release|Any CPU
	EndGlobalSection
	GlobalSection(SolutionProperties) = preSolution
		HideSolutionNode = FALSE
	EndGlobalSection
	GlobalSection(ExtensibilityGlobals) = postSolution
		SolutionGuid = {197B09FC-7161-4795-A163-9D8D9E5DEE5E}
	EndGlobalSection
EndGlobal
